
Microsoft Visual Studio Solution File, Format Version 12.00
# Visual Studio 2012
Project("{FAE04EC0-301F-11D3-BF4B-00C04F79EFBC}") = "MC.MvcQuickNav.ExampleWeb", "MC.MvcQuickNav.ExampleWeb\MC.MvcQuickNav.ExampleWeb.csproj", "{763AA374-FABB-4A77-8264-DF3E20F6F706}"
EndProject
Project("{FAE04EC0-301F-11D3-BF4B-00C04F79EFBC}") = "MC.MvcQuickNav", "MC.MvcQuickNav\MC.MvcQuickNav.csproj", "{F885C34D-46F0-49C0-873D-581D00E5F723}"
EndProject
Project("{2150E333-8FDC-42A3-9474-1A3956D46DE8}") = ".nuget", ".nuget", "{DC79DDCF-EB76-448E-B2C4-60569DF1A399}"
	ProjectSection(SolutionItems) = preProject
		.nuget\NuGet.Config = .nuget\NuGet.Config
		.nuget\NuGet.exe = .nuget\NuGet.exe
	EndProjectSection
EndProject
Global
	GlobalSection(SolutionConfigurationPlatforms) = preSolution
		Debug|Any CPU = Debug|Any CPU
		Release|Any CPU = Release|Any CPU
	EndGlobalSection
	GlobalSection(ProjectConfigurationPlatforms) = postSolution
		{763AA374-FABB-4A77-8264-DF3E20F6F706}.Debug|Any CPU.ActiveCfg = Debug|Any CPU
		{763AA374-FABB-4A77-8264-DF3E20F6F706}.Debug|Any CPU.Build.0 = Debug|Any CPU
		{763AA374-FABB-4A77-8264-DF3E20F6F706}.Release|Any CPU.ActiveCfg = Release|Any CPU
		{763AA374-FABB-4A77-8264-DF3E20F6F706}.Release|Any CPU.Build.0 = Release|Any CPU
		{F885C34D-46F0-49C0-873D-581D00E5F723}.Debug|Any CPU.ActiveCfg = Debug|Any CPU
		{F885C34D-46F0-49C0-873D-581D00E5F723}.Debug|Any CPU.Build.0 = Debug|Any CPU
		{F885C34D-46F0-49C0-873D-581D00E5F723}.Release|Any CPU.ActiveCfg = Release|Any CPU
		{F885C34D-46F0-49C0-873D-581D00E5F723}.Release|Any CPU.Build.0 = Release|Any CPU
	EndGlobalSection
	GlobalSection(SolutionProperties) = preSolution
		HideSolutionNode = FALSE
	EndGlobalSection
EndGlobal
